// !$*UTF8*$!
{
	archiveVersion = 1;
	classes = {
	};
	objectVersion = 77;
	objects = {

/* Begin PBXBuildFile section */
		0925CDD9634B4E4FADD702CC /* StageViews.swift in Sources */ = {isa = PBXBuildFile; fileRef = 584B31B6D7B7B692F33CC50E /* StageViews.swift */; };
		11BF89A2DD47B8EA62F09C5B /* WeekMainView.swift in Sources */ = {isa = PBXBuildFile; fileRef = B18155352CE011A350B1DEC6 /* WeekMainView.swift */; };
		2A0C4D15DED110C70394538A /* RootView.swift in Sources */ = {isa = PBXBuildFile; fileRef = 5F49ED139642FC2518E962F8 /* RootView.swift */; };
		503ABBC496CD986CDC932884 /* DialogueData.swift in Sources */ = {isa = PBXBuildFile; fileRef = CC1F100811789DF64591C427 /* DialogueData.swift */; };
		54AEEB5805E21D970D9266D8 /* ManzaiGameApp.swift in Sources */ = {isa = PBXBuildFile; fileRef = 0419DEBBB5870F13F4CCB037 /* ManzaiGameApp.swift */; };
		6B0231312E498F6023B914D2 /* JudgeData.swift in Sources */ = {isa = PBXBuildFile; fileRef = F5D08F932A4334F422E73881 /* JudgeData.swift */; };
		74DDE7A5903D2D4934E9536F /* GameCore in Frameworks */ = {isa = PBXBuildFile; productRef = 27B231D4CDB45E90519F75D6 /* GameCore */; };
		9B44B01224E52B94ADF16059 /* GameSession.swift in Sources */ = {isa = PBXBuildFile; fileRef = 2B25F19CAF5E2C3DC88CD88D /* GameSession.swift */; };
		A5261165B97770A127810577 /* CommandData.swift in Sources */ = {isa = PBXBuildFile; fileRef = DBBC4BFE7F49C021AD57F4D7 /* CommandData.swift */; };
		AA437492EC9B9B0CE554CC9D /* YearResultView.swift in Sources */ = {isa = PBXBuildFile; fileRef = A274A5E67200827BEBFC258E /* YearResultView.swift */; };
		E3E35D82D4543EB755B3040D /* TournamentResultView.swift in Sources */ = {isa = PBXBuildFile; fileRef = A5CF56C81524C671B5D1EB4C /* TournamentResultView.swift */; };
		E9BC94BAE42BEB54B91A396B /* Theme.swift in Sources */ = {isa = PBXBuildFile; fileRef = E7C2B6670FC11321C4559DCB /* Theme.swift */; };
/* End PBXBuildFile section */

/* Begin PBXFileReference section */
		0419DEBBB5870F13F4CCB037 /* ManzaiGameApp.swift */ = {isa = PBXFileReference; lastKnownFileType = sourcecode.swift; path = ManzaiGameApp.swift; sourceTree = "<group>"; };
		2B25F19CAF5E2C3DC88CD88D /* GameSession.swift */ = {isa = PBXFileReference; lastKnownFileType = sourcecode.swift; path = GameSession.swift; sourceTree = "<group>"; };
		584B31B6D7B7B692F33CC50E /* StageViews.swift */ = {isa = PBXFileReference; lastKnownFileType = sourcecode.swift; path = StageViews.swift; sourceTree = "<group>"; };
		5F49ED139642FC2518E962F8 /* RootView.swift */ = {isa = PBXFileReference; lastKnownFileType = sourcecode.swift; path = RootView.swift; sourceTree = "<group>"; };
		74BDACA803ECB2EFD5DE9293 /* GameCore */ = {isa = PBXFileReference; lastKnownFileType = folder; name = GameCore; path = ../GameCore; sourceTree = SOURCE_ROOT; };
		A274A5E67200827BEBFC258E /* YearResultView.swift */ = {isa = PBXFileReference; lastKnownFileType = sourcecode.swift; path = YearResultView.swift; sourceTree = "<group>"; };
		A5CF56C81524C671B5D1EB4C /* TournamentResultView.swift */ = {isa = PBXFileReference; lastKnownFileType = sourcecode.swift; path = TournamentResultView.swift; sourceTree = "<group>"; };
		B18155352CE011A350B1DEC6 /* WeekMainView.swift */ = {isa = PBXFileReference; lastKnownFileType = sourcecode.swift; path = WeekMainView.swift; sourceTree = "<group>"; };
		CC1F100811789DF64591C427 /* DialogueData.swift */ = {isa = PBXFileReference; lastKnownFileType = sourcecode.swift; path = DialogueData.swift; sourceTree = "<group>"; };
		DBBC4BFE7F49C021AD57F4D7 /* CommandData.swift */ = {isa = PBXFileReference; lastKnownFileType = sourcecode.swift; path = CommandData.swift; sourceTree = "<group>"; };
		E7C2B6670FC11321C4559DCB /* Theme.swift */ = {isa = PBXFileReference; lastKnownFileType = sourcecode.swift; path = Theme.swift; sourceTree = "<group>"; };
		EC27C4A85A610F060F476DE5 /* ManzaiGame.app */ = {isa = PBXFileReference; includeInIndex = 0; lastKnownFileType = wrapper.application; path = ManzaiGame.app; sourceTree = BUILT_PRODUCTS_DIR; };
		F5D08F932A4334F422E73881 /* JudgeData.swift */ = {isa = PBXFileReference; lastKnownFileType = sourcecode.swift; path = JudgeData.swift; sourceTree = "<group>"; };
/* End PBXFileReference section */

/* Begin PBXFrameworksBuildPhase section */
		EF72D36A0F1B0BCDF60D3DBE /* Frameworks */ = {
			isa = PBXFrameworksBuildPhase;
			buildActionMask = 2147483647;
			files = (
				74DDE7A5903D2D4934E9536F /* GameCore in Frameworks */,
			);
			runOnlyForDeploymentPostprocessing = 0;
		};
/* End PBXFrameworksBuildPhase section */

/* Begin PBXGroup section */
		1FCC69896833EA54356CBEC9 /* Sources */ = {
			isa = PBXGroup;
			children = (
				DBBC4BFE7F49C021AD57F4D7 /* CommandData.swift */,
				CC1F100811789DF64591C427 /* DialogueData.swift */,
				2B25F19CAF5E2C3DC88CD88D /* GameSession.swift */,
				F5D08F932A4334F422E73881 /* JudgeData.swift */,
				0419DEBBB5870F13F4CCB037 /* ManzaiGameApp.swift */,
				5F49ED139642FC2518E962F8 /* RootView.swift */,
				584B31B6D7B7B692F33CC50E /* StageViews.swift */,
				E7C2B6670FC11321C4559DCB /* Theme.swift */,
				A5CF56C81524C671B5D1EB4C /* TournamentResultView.swift */,
				B18155352CE011A350B1DEC6 /* WeekMainView.swift */,
				A274A5E67200827BEBFC258E /* YearResultView.swift */,
			);
			path = Sources;
			sourceTree = "<group>";
		};
		34A9D47093BB42C3D51E7CA0 /* Products */ = {
			isa = PBXGroup;
			children = (
				EC27C4A85A610F060F476DE5 /* ManzaiGame.app */,
			);
			name = Products;
			sourceTree = "<group>";
		};
		7B411AEBB469FC2723056E31 = {
			isa = PBXGroup;
			children = (
				8DCECAF1BB6804B933B5E8CC /* Packages */,
				1FCC69896833EA54356CBEC9 /* Sources */,
				34A9D47093BB42C3D51E7CA0 /* Products */,
			);
			sourceTree = "<group>";
		};
		8DCECAF1BB6804B933B5E8CC /* Packages */ = {
			isa = PBXGroup;
			children = (
				74BDACA803ECB2EFD5DE9293 /* GameCore */,
			);
			name = Packages;
			sourceTree = "<group>";
		};
/* End PBXGroup section */

/* Begin PBXNativeTarget section */
		29AB59F601F93B7F768582F0 /* ManzaiGame */ = {
			isa = PBXNativeTarget;
			buildConfigurationList = 6C61DE3E8C322044CDDA8970 /* Build configuration list for PBXNativeTarget "ManzaiGame" */;
			buildPhases = (
				73A4F3D4DBF7566704D788C6 /* Sources */,
				EF72D36A0F1B0BCDF60D3DBE /* Frameworks */,
			);
			buildRules = (
			);
			dependencies = (
			);
			name = ManzaiGame;
			packageProductDependencies = (
				27B231D4CDB45E90519F75D6 /* GameCore */,
			);
			productName = ManzaiGame;
			productReference = EC27C4A85A610F060F476DE5 /* ManzaiGame.app */;
			productType = "com.apple.product-type.application";
		};
/* End PBXNativeTarget section */

/* Begin PBXProject section */
		ADCF24DC35A321B22ED1D6CF /* Project object */ = {
			isa = PBXProject;
			attributes = {
				BuildIndependentTargetsInParallel = YES;
				LastUpgradeCheck = 1430;
				TargetAttributes = {
				};
			};
			buildConfigurationList = 5D8F4D80EA609CAC73F077CA /* Build configuration list for PBXProject "ManzaiGame" */;
			developmentRegion = en;
			hasScannedForEncodings = 0;
			knownRegions = (
				Base,
				en,
			);
			mainGroup = 7B411AEBB469FC2723056E31;
			minimizedProjectReferenceProxies = 1;
			packageReferences = (
				60318896C25CEF3BA59E52E6 /* XCLocalSwiftPackageReference "../GameCore" */,
			);
			preferredProjectObjectVersion = 77;
			productRefGroup = 34A9D47093BB42C3D51E7CA0 /* Products */;
			projectDirPath = "";
			projectRoot = "";
			targets = (
				29AB59F601F93B7F768582F0 /* ManzaiGame */,
			);
		};
/* End PBXProject section */

/* Begin PBXSourcesBuildPhase section */
		73A4F3D4DBF7566704D788C6 /* Sources */ = {
			isa = PBXSourcesBuildPhase;
			buildActionMask = 2147483647;
			files = (
				A5261165B97770A127810577 /* CommandData.swift in Sources */,
				503ABBC496CD986CDC932884 /* DialogueData.swift in Sources */,
				9B44B01224E52B94ADF16059 /* GameSession.swift in Sources */,
				6B0231312E498F6023B914D2 /* JudgeData.swift in Sources */,
				54AEEB5805E21D970D9266D8 /* ManzaiGameApp.swift in Sources */,
				2A0C4D15DED110C70394538A /* RootView.swift in Sources */,
				0925CDD9634B4E4FADD702CC /* StageViews.swift in Sources */,
				E9BC94BAE42BEB54B91A396B /* Theme.swift in Sources */,
				E3E35D82D4543EB755B3040D /* TournamentResultView.swift in Sources */,
				11BF89A2DD47B8EA62F09C5B /* WeekMainView.swift in Sources */,
				AA437492EC9B9B0CE554CC9D /* YearResultView.swift in Sources */,
			);
			runOnlyForDeploymentPostprocessing = 0;
		};
/* End PBXSourcesBuildPhase section */

/* Begin XCBuildConfiguration section */
		3CAC23FADE60A81F16E911B8 /* Debug */ = {
			isa = XCBuildConfiguration;
			buildSettings = {
				ASSETCATALOG_COMPILER_APPICON_NAME = AppIcon;
				CODE_SIGNING_ALLOWED = NO;
				CODE_SIGN_IDENTITY = "iPhone Developer";
				CURRENT_PROJECT_VERSION = 1;
				GENERATE_INFOPLIST_FILE = YES;
				INFOPLIST_KEY_UILaunchScreen_Generation = YES;
				INFOPLIST_KEY_UISupportedInterfaceOrientations = UIInterfaceOrientationPortrait;
				LD_RUNPATH_SEARCH_PATHS = (
					"$(inherited)",
					"@executable_path/Frameworks",
				);
				MARKETING_VERSION = 0.1;
				PRODUCT_BUNDLE_IDENTIFIER = com.manzaigame.mvp;
				SDKROOT = iphoneos;
				SWIFT_VERSION = 5.0;
				TARGETED_DEVICE_FAMILY = 1;
			};
			name = Debug;
		};
		80D9818DE684BBC4052907E6 /* Release */ = {
			isa = XCBuildConfiguration;
			buildSettings = {
				ALWAYS_SEARCH_USER_PATHS = NO;
				CLANG_ANALYZER_NONNULL = YES;
				CLANG_ANALYZER_NUMBER_OBJECT_CONVERSION = YES_AGGRESSIVE;
				CLANG_CXX_LANGUAGE_STANDARD = "gnu++14";
				CLANG_CXX_LIBRARY = "libc++";
				CLANG_ENABLE_MODULES = YES;
				CLANG_ENABLE_OBJC_ARC = YES;
				CLANG_ENABLE_OBJC_WEAK = YES;
				CLANG_WARN_BLOCK_CAPTURE_AUTORELEASING = YES;
				CLANG_WARN_BOOL_CONVERSION = YES;
				CLANG_WARN_COMMA = YES;
				CLANG_WARN_CONSTANT_CONVERSION = YES;
				CLANG_WARN_DEPRECATED_OBJC_IMPLEMENTATIONS = YES;
				CLANG_WARN_DIRECT_OBJC_ISA_USAGE = YES_ERROR;
				CLANG_WARN_DOCUMENTATION_COMMENTS = YES;
				CLANG_WARN_EMPTY_BODY = YES;
				CLANG_WARN_ENUM_CONVERSION = YES;
				CLANG_WARN_INFINITE_RECURSION = YES;
				CLANG_WARN_INT_CONVERSION = YES;
				CLANG_WARN_NON_LITERAL_NULL_CONVERSION = YES;
				CLANG_WARN_OBJC_IMPLICIT_RETAIN_SELF = YES;
				CLANG_WARN_OBJC_LITERAL_CONVERSION = YES;
				CLANG_WARN_OBJC_ROOT_CLASS = YES_ERROR;
				CLANG_WARN_QUOTED_INCLUDE_IN_FRAMEWORK_HEADER = YES;
				CLANG_WARN_RANGE_LOOP_ANALYSIS = YES;
				CLANG_WARN_STRICT_PROTOTYPES = YES;
				CLANG_WARN_SUSPICIOUS_MOVE = YES;
				CLANG_WARN_UNGUARDED_AVAILABILITY = YES_AGGRESSIVE;
				CLANG_WARN_UNREACHABLE_CODE = YES;
				CLANG_WARN__DUPLICATE_METHOD_MATCH = YES;
				COPY_PHASE_STRIP = NO;
				DEBUG_INFORMATION_FORMAT = "dwarf-with-dsym";
				ENABLE_NS_ASSERTIONS = NO;
				ENABLE_STRICT_OBJC_MSGSEND = YES;
				GCC_C_LANGUAGE_STANDARD = gnu11;
				GCC_NO_COMMON_BLOCKS = YES;
				GCC_WARN_64_TO_32_BIT_CONVERSION = YES;
				GCC_WARN_ABOUT_RETURN_TYPE = YES_ERROR;
				GCC_WARN_UNDECLARED_SELECTOR = YES;
				GCC_WARN_UNINITIALIZED_AUTOS = YES_AGGRESSIVE;
				GCC_WARN_UNUSED_FUNCTION = YES;
				GCC_WARN_UNUSED_VARIABLE = YES;
				IPHONEOS_DEPLOYMENT_TARGET = 17.0;
				MTL_ENABLE_DEBUG_INFO = NO;
				MTL_FAST_MATH = YES;
				PRODUCT_NAME = "$(TARGET_NAME)";
				SDKROOT = iphoneos;
				SWIFT_COMPILATION_MODE = wholemodule;
				SWIFT_OPTIMIZATION_LEVEL = "-O";
				SWIFT_VERSION = 5.0;
			};
			name = Release;
		};
		C126ACD049E6B21A1BE4E746 /* Release */ = {
			isa = XCBuildConfiguration;
			buildSettings = {
				ASSETCATALOG_COMPILER_APPICON_NAME = AppIcon;
				CODE_SIGNING_ALLOWED = NO;
				CODE_SIGN_IDENTITY = "iPhone Developer";
				CURRENT_PROJECT_VERSION = 1;
				GENERATE_INFOPLIST_FILE = YES;
				INFOPLIST_KEY_UILaunchScreen_Generation = YES;
				INFOPLIST_KEY_UISupportedInterfaceOrientations = UIInterfaceOrientationPortrait;
				LD_RUNPATH_SEARCH_PATHS = (
					"$(inherited)",
					"@executable_path/Frameworks",
				);
				MARKETING_VERSION = 0.1;
				PRODUCT_BUNDLE_IDENTIFIER = com.manzaigame.mvp;
				SDKROOT = iphoneos;
				SWIFT_VERSION = 5.0;
				TARGETED_DEVICE_FAMILY = 1;
			};
			name = Release;
		};
		E0B465F3A44490610D9B543E /* Debug */ = {
			isa = XCBuildConfiguration;
			buildSettings = {
				ALWAYS_SEARCH_USER_PATHS = NO;
				CLANG_ANALYZER_NONNULL = YES;
				CLANG_ANALYZER_NUMBER_OBJECT_CONVERSION = YES_AGGRESSIVE;
				CLANG_CXX_LANGUAGE_STANDARD = "gnu++14";
				CLANG_CXX_LIBRARY = "libc++";
				CLANG_ENABLE_MODULES = YES;
				CLANG_ENABLE_OBJC_ARC = YES;
				CLANG_ENABLE_OBJC_WEAK = YES;
				CLANG_WARN_BLOCK_CAPTURE_AUTORELEASING = YES;
				CLANG_WARN_BOOL_CONVERSION = YES;
				CLANG_WARN_COMMA = YES;
				CLANG_WARN_CONSTANT_CONVERSION = YES;
				CLANG_WARN_DEPRECATED_OBJC_IMPLEMENTATIONS = YES;
				CLANG_WARN_DIRECT_OBJC_ISA_USAGE = YES_ERROR;
				CLANG_WARN_DOCUMENTATION_COMMENTS = YES;
				CLANG_WARN_EMPTY_BODY = YES;
				CLANG_WARN_ENUM_CONVERSION = YES;
				CLANG_WARN_INFINITE_RECURSION = YES;
				CLANG_WARN_INT_CONVERSION = YES;
				CLANG_WARN_NON_LITERAL_NULL_CONVERSION = YES;
				CLANG_WARN_OBJC_IMPLICIT_RETAIN_SELF = YES;
				CLANG_WARN_OBJC_LITERAL_CONVERSION = YES;
				CLANG_WARN_OBJC_ROOT_CLASS = YES_ERROR;
				CLANG_WARN_QUOTED_INCLUDE_IN_FRAMEWORK_HEADER = YES;
				CLANG_WARN_RANGE_LOOP_ANALYSIS = YES;
				CLANG_WARN_STRICT_PROTOTYPES = YES;
				CLANG_WARN_SUSPICIOUS_MOVE = YES;
				CLANG_WARN_UNGUARDED_AVAILABILITY = YES_AGGRESSIVE;
				CLANG_WARN_UNREACHABLE_CODE = YES;
				CLANG_WARN__DUPLICATE_METHOD_MATCH = YES;
				COPY_PHASE_STRIP = NO;
				DEBUG_INFORMATION_FORMAT = dwarf;
				ENABLE_STRICT_OBJC_MSGSEND = YES;
				ENABLE_TESTABILITY = YES;
				GCC_C_LANGUAGE_STANDARD = gnu11;
				GCC_DYNAMIC_NO_PIC = NO;
				GCC_NO_COMMON_BLOCKS = YES;
				GCC_OPTIMIZATION_LEVEL = 0;
				GCC_PREPROCESSOR_DEFINITIONS = (
					"$(inherited)",
					"DEBUG=1",
				);
				GCC_WARN_64_TO_32_BIT_CONVERSION = YES;
				GCC_WARN_ABOUT_RETURN_TYPE = YES_ERROR;
				GCC_WARN_UNDECLARED_SELECTOR = YES;
				GCC_WARN_UNINITIALIZED_AUTOS = YES_AGGRESSIVE;
				GCC_WARN_UNUSED_FUNCTION = YES;
				GCC_WARN_UNUSED_VARIABLE = YES;
				IPHONEOS_DEPLOYMENT_TARGET = 17.0;
				MTL_ENABLE_DEBUG_INFO = INCLUDE_SOURCE;
				MTL_FAST_MATH = YES;
				ONLY_ACTIVE_ARCH = YES;
				PRODUCT_NAME = "$(TARGET_NAME)";
				SDKROOT = iphoneos;
				SWIFT_ACTIVE_COMPILATION_CONDITIONS = DEBUG;
				SWIFT_OPTIMIZATION_LEVEL = "-Onone";
				SWIFT_VERSION = 5.0;
			};
			name = Debug;
		};
/* End XCBuildConfiguration section */

/* Begin XCConfigurationList section */
		5D8F4D80EA609CAC73F077CA /* Build configuration list for PBXProject "ManzaiGame" */ = {
			isa = XCConfigurationList;
			buildConfigurations = (
				E0B465F3A44490610D9B543E /* Debug */,
				80D9818DE684BBC4052907E6 /* Release */,
			);
			defaultConfigurationIsVisible = 0;
			defaultConfigurationName = Debug;
		};
		6C61DE3E8C322044CDDA8970 /* Build configuration list for PBXNativeTarget "ManzaiGame" */ = {
			isa = XCConfigurationList;
			buildConfigurations = (
				3CAC23FADE60A81F16E911B8 /* Debug */,
				C126ACD049E6B21A1BE4E746 /* Release */,
			);
			defaultConfigurationIsVisible = 0;
			defaultConfigurationName = Debug;
		};
/* End XCConfigurationList section */

/* Begin XCLocalSwiftPackageReference section */
		60318896C25CEF3BA59E52E6 /* XCLocalSwiftPackageReference "../GameCore" */ = {
			isa = XCLocalSwiftPackageReference;
			relativePath = ../GameCore;
		};
/* End XCLocalSwiftPackageReference section */

/* Begin XCSwiftPackageProductDependency section */
		27B231D4CDB45E90519F75D6 /* GameCore */ = {
			isa = XCSwiftPackageProductDependency;
			productName = GameCore;
		};
/* End XCSwiftPackageProductDependency section */
	};
	rootObject = ADCF24DC35A321B22ED1D6CF /* Project object */;
}
